
Microsoft Visual Studio Solution File, Format Version 12.00
# Visual Studio Version 17
VisualStudioVersion = 17.14.37012.4 d17.14
MinimumVisualStudioVersion = 10.0.40219.1
Project("{FAE04EC0-301F-11D3-BF4B-00C04F79EFBC}") = "ShopCoffee_asp_sqlserver", "ShopCoffee_asp_sqlserver\ShopCoffee_asp_sqlserver.csproj", "{1DE74E93-F678-40E0-BAF6-2E040FCF802D}"
EndProject
Global
	GlobalSection(SolutionConfigurationPlatforms) = preSolution
		Debug|Any CPU = Debug|Any CPU
		Release|Any CPU = Release|Any CPU
	EndGlobalSection
	GlobalSection(ProjectConfigurationPlatforms) = postSolution
		{1DE74E93-F678-40E0-BAF6-2E040FCF802D}.Debug|Any CPU.ActiveCfg = Debug|Any CPU
		{1DE74E93-F678-40E0-BAF6-2E040FCF802D}.Debug|Any CPU.Build.0 = Debug|Any CPU
		{1DE74E93-F678-40E0-BAF6-2E040FCF802D}.Release|Any CPU.ActiveCfg = Release|Any CPU
		{1DE74E93-F678-40E0-BAF6-2E040FCF802D}.Release|Any CPU.Build.0 = Release|Any CPU
	EndGlobalSection
	GlobalSection(SolutionProperties) = preSolution
		HideSolutionNode = FALSE
	EndGlobalSection
	GlobalSection(ExtensibilityGlobals) = postSolution
		SolutionGuid = {4553EA99-EE90-4D22-B50B-2B35F48A76A7}
	EndGlobalSection
EndGlobal
